
Microsoft Visual Studio Solution File, Format Version 12.00
# Visual Studio Version 17
VisualStudioVersion = 17.10.35004.147
MinimumVisualStudioVersion = 10.0.40219.1
Project("{9A19103F-16F7-4668-BE54-9A1E7A4F7556}") = "FootballResults", "FootballResults\FootballResults.csproj", "{AA394BE3-9207-418C-89DC-5771BEDD945B}"
EndProject
Project("{9A19103F-16F7-4668-BE54-9A1E7A4F7556}") = "ClassLibrary", "ClassLibrary\ClassLibrary.csproj", "{D3C4B2D9-A6E2-43CE-BFE1-94A876041D1E}"
EndProject
Project("{FAE04EC0-301F-11D3-BF4B-00C04F79EFBC}") = "FootballResultsTests", "FootballResultsTests\FootballResultsTests.csproj", "{56592EF9-BF7E-4E1A-9323-6884F7595F43}"
EndProject
Global
	GlobalSection(SolutionConfigurationPlatforms) = preSolution
		Debug|Any CPU = Debug|Any CPU
		Release|Any CPU = Release|Any CPU
	EndGlobalSection
	GlobalSection(ProjectConfigurationPlatforms) = postSolution
		{AA394BE3-9207-418C-89DC-5771BEDD945B}.Debug|Any CPU.ActiveCfg = Debug|Any CPU
		{AA394BE3-9207-418C-89DC-5771BEDD945B}.Debug|Any CPU.Build.0 = Debug|Any CPU
		{AA394BE3-9207-418C-89DC-5771BEDD945B}.Release|Any CPU.ActiveCfg = Release|Any CPU
		{AA394BE3-9207-418C-89DC-5771BEDD945B}.Release|Any CPU.Build.0 = Release|Any CPU
		{D3C4B2D9-A6E2-43CE-BFE1-94A876041D1E}.Debug|Any CPU.ActiveCfg = Debug|Any CPU
		{D3C4B2D9-A6E2-43CE-BFE1-94A876041D1E}.Debug|Any CPU.Build.0 = Debug|Any CPU
		{D3C4B2D9-A6E2-43CE-BFE1-94A876041D1E}.Release|Any CPU.ActiveCfg = Release|Any CPU
		{D3C4B2D9-A6E2-43CE-BFE1-94A876041D1E}.Release|Any CPU.Build.0 = Release|Any CPU
		{56592EF9-BF7E-4E1A-9323-6884F7595F43}.Debug|Any CPU.ActiveCfg = Debug|Any CPU
		{56592EF9-BF7E-4E1A-9323-6884F7595F43}.Debug|Any CPU.Build.0 = Debug|Any CPU
		{56592EF9-BF7E-4E1A-9323-6884F7595F43}.Release|Any CPU.ActiveCfg = Release|Any CPU
		{56592EF9-BF7E-4E1A-9323-6884F7595F43}.Release|Any CPU.Build.0 = Release|Any CPU
	EndGlobalSection
	GlobalSection(SolutionProperties) = preSolution
		HideSolutionNode = FALSE
	EndGlobalSection
	GlobalSection(ExtensibilityGlobals) = postSolution
		SolutionGuid = {D517AA68-26BB-48EA-9127-F149DBCB0A4A}
	EndGlobalSection
EndGlobal
